
Microsoft Visual Studio Solution File, Format Version 12.00
# Visual Studio Version 16
VisualStudioVersion = 16.0.30611.23
MinimumVisualStudioVersion = 10.0.40219.1
Project("{FAE04EC0-301F-11D3-BF4B-00C04F79EFBC}") = "TestAspNetCoreSite", "TestAspNetCoreSite\TestAspNetCoreSite.csproj", "{584BC902-872A-4177-AB77-B39A50847563}"
EndProject
Global
	GlobalSection(SolutionConfigurationPlatforms) = preSolution
		Debug|Any CPU = Debug|Any CPU
		Release|Any CPU = Release|Any CPU
	EndGlobalSection
	GlobalSection(ProjectConfigurationPlatforms) = postSolution
		{584BC902-872A-4177-AB77-B39A50847563}.Debug|Any CPU.ActiveCfg = Debug|Any CPU
		{584BC902-872A-4177-AB77-B39A50847563}.Debug|Any CPU.Build.0 = Debug|Any CPU
		{584BC902-872A-4177-AB77-B39A50847563}.Release|Any CPU.ActiveCfg = Release|Any CPU
		{584BC902-872A-4177-AB77-B39A50847563}.Release|Any CPU.Build.0 = Release|Any CPU
	EndGlobalSection
	GlobalSection(SolutionProperties) = preSolution
		HideSolutionNode = FALSE
	EndGlobalSection
	GlobalSection(ExtensibilityGlobals) = postSolution
		SolutionGuid = {BF7A6713-EAA6-4827-B297-6A398E4636EC}
	EndGlobalSection
EndGlobal
